
Microsoft Visual Studio Solution File, Format Version 12.00
# Visual Studio Version 17
VisualStudioVersion = 17.0.31903.59
MinimumVisualStudioVersion = 10.0.40219.1
Project("{9A19103F-16F7-4668-BE54-9A1E7A4F7556}") = "BookWheel.Api", "BookWheel.Api\BookWheel.Api.csproj", "{BEA5202D-35D0-458A-BBED-DC73420E26F4}"
EndProject
Project("{9A19103F-16F7-4668-BE54-9A1E7A4F7556}") = "BookWheel.Infrastructure", "BookWheel.Infrastructure\BookWheel.Infrastructure.csproj", "{E55A9C9F-FDA4-4A6E-B30B-B9B6AC0DD304}"
EndProject
Project("{9A19103F-16F7-4668-BE54-9A1E7A4F7556}") = "BookWheel.Domain", "BookWheel.Domain\BookWheel.Domain.csproj", "{6116775B-F836-44B1-9AB1-9FB6867DD696}"
EndProject
Project("{9A19103F-16F7-4668-BE54-9A1E7A4F7556}") = "BookWheel.Application", "BookWheel.Application\BookWheel.Application.csproj", "{62FB6A2C-C771-4303-A490-16C6D0B94D71}"
EndProject
Project("{9A19103F-16F7-4668-BE54-9A1E7A4F7556}") = "BookWheel.UnitTests", "BookWheel.UnitTests\BookWheel.UnitTests.csproj", "{36C744D5-08BC-4D05-9088-7174254175F5}"
EndProject
Project("{9A19103F-16F7-4668-BE54-9A1E7A4F7556}") = "BookWheel.IntegrationTests", "BookWheel.IntegrationTests\BookWheel.IntegrationTests.csproj", "{1C772396-41F9-418F-AC42-B9B70B339274}"
EndProject
Project("{FAE04EC0-301F-11D3-BF4B-00C04F79EFBC}") = "EndToEndTests", "EndToEndTests\EndToEndTests.csproj", "{B760438B-AC2F-4AB3-BC6E-2A41A57FF0BE}"
EndProject
Global
	GlobalSection(SolutionConfigurationPlatforms) = preSolution
		Debug|Any CPU = Debug|Any CPU
		Release|Any CPU = Release|Any CPU
	EndGlobalSection
	GlobalSection(ProjectConfigurationPlatforms) = postSolution
		{BEA5202D-35D0-458A-BBED-DC73420E26F4}.Debug|Any CPU.ActiveCfg = Debug|Any CPU
		{BEA5202D-35D0-458A-BBED-DC73420E26F4}.Debug|Any CPU.Build.0 = Debug|Any CPU
		{BEA5202D-35D0-458A-BBED-DC73420E26F4}.Release|Any CPU.ActiveCfg = Release|Any CPU
		{BEA5202D-35D0-458A-BBED-DC73420E26F4}.Release|Any CPU.Build.0 = Release|Any CPU
		{E55A9C9F-FDA4-4A6E-B30B-B9B6AC0DD304}.Debug|Any CPU.ActiveCfg = Debug|Any CPU
		{E55A9C9F-FDA4-4A6E-B30B-B9B6AC0DD304}.Debug|Any CPU.Build.0 = Debug|Any CPU
		{E55A9C9F-FDA4-4A6E-B30B-B9B6AC0DD304}.Release|Any CPU.ActiveCfg = Release|Any CPU
		{E55A9C9F-FDA4-4A6E-B30B-B9B6AC0DD304}.Release|Any CPU.Build.0 = Release|Any CPU
		{6116775B-F836-44B1-9AB1-9FB6867DD696}.Debug|Any CPU.ActiveCfg = Debug|Any CPU
		{6116775B-F836-44B1-9AB1-9FB6867DD696}.Debug|Any CPU.Build.0 = Debug|Any CPU
		{6116775B-F836-44B1-9AB1-9FB6867DD696}.Release|Any CPU.ActiveCfg = Release|Any CPU
		{6116775B-F836-44B1-9AB1-9FB6867DD696}.Release|Any CPU.Build.0 = Release|Any CPU
		{62FB6A2C-C771-4303-A490-16C6D0B94D71}.Debug|Any CPU.ActiveCfg = Debug|Any CPU
		{62FB6A2C-C771-4303-A490-16C6D0B94D71}.Debug|Any CPU.Build.0 = Debug|Any CPU
		{62FB6A2C-C771-4303-A490-16C6D0B94D71}.Release|Any CPU.ActiveCfg = Release|Any CPU
		{62FB6A2C-C771-4303-A490-16C6D0B94D71}.Release|Any CPU.Build.0 = Release|Any CPU
		{36C744D5-08BC-4D05-9088-7174254175F5}.Debug|Any CPU.ActiveCfg = Debug|Any CPU
		{36C744D5-08BC-4D05-9088-7174254175F5}.Debug|Any CPU.Build.0 = Debug|Any CPU
		{36C744D5-08BC-4D05-9088-7174254175F5}.Release|Any CPU.ActiveCfg = Release|Any CPU
		{36C744D5-08BC-4D05-9088-7174254175F5}.Release|Any CPU.Build.0 = Release|Any CPU
		{1C772396-41F9-418F-AC42-B9B70B339274}.Debug|Any CPU.ActiveCfg = Debug|Any CPU
		{1C772396-41F9-418F-AC42-B9B70B339274}.Debug|Any CPU.Build.0 = Debug|Any CPU
		{1C772396-41F9-418F-AC42-B9B70B339274}.Release|Any CPU.ActiveCfg = Release|Any CPU
		{1C772396-41F9-418F-AC42-B9B70B339274}.Release|Any CPU.Build.0 = Release|Any CPU
		{B760438B-AC2F-4AB3-BC6E-2A41A57FF0BE}.Debug|Any CPU.ActiveCfg = Debug|Any CPU
		{B760438B-AC2F-4AB3-BC6E-2A41A57FF0BE}.Debug|Any CPU.Build.0 = Debug|Any CPU
		{B760438B-AC2F-4AB3-BC6E-2A41A57FF0BE}.Release|Any CPU.ActiveCfg = Release|Any CPU
		{B760438B-AC2F-4AB3-BC6E-2A41A57FF0BE}.Release|Any CPU.Build.0 = Release|Any CPU
	EndGlobalSection
	GlobalSection(SolutionProperties) = preSolution
		HideSolutionNode = FALSE
	EndGlobalSection
EndGlobal
